// !$*UTF8*$!
{
	archiveVersion = 1;
	classes = {
	};
	objectVersion = 56;
	objects = {

/* Begin PBXBuildFile section */
		AB29C5BA2A1287C200A182DC /* DifferentialCalculatorView.swift in Sources */ = {isa = PBXBuildFile; fileRef = AB29C5B92A1287C200A182DC /* DifferentialCalculatorView.swift */; };
		AB29C5BD2A12975900A182DC /* CalculationCircleView.swift in Sources */ = {isa = PBXBuildFile; fileRef = AB29C5BC2A12975900A182DC /* CalculationCircleView.swift */; };
		AB29C5BF2A129A1100A182DC /* ButtonView.swift in Sources */ = {isa = PBXBuildFile; fileRef = AB29C5BE2A129A1100A182DC /* ButtonView.swift */; };
		AB29C5C12A129BE900A182DC /* DataCellsView.swift in Sources */ = {isa = PBXBuildFile; fileRef = AB29C5C02A129BE900A182DC /* DataCellsView.swift */; };
		ABC5EFEC2A0EC9AC00C5095D /* GolfDifferentialCalculatorApp.swift in Sources */ = {isa = PBXBuildFile; fileRef = ABC5EFEB2A0EC9AC00C5095D /* GolfDifferentialCalculatorApp.swift */; };
		ABC5EFEE2A0EC9AC00C5095D /* DifferentialView.swift in Sources */ = {isa = PBXBuildFile; fileRef = ABC5EFED2A0EC9AC00C5095D /* DifferentialView.swift */; };
		ABC5EFF02A0EC9AD00C5095D /* Assets.xcassets in Resources */ = {isa = PBXBuildFile; fileRef = ABC5EFEF2A0EC9AD00C5095D /* Assets.xcassets */; };
		ABC5EFF32A0EC9AD00C5095D /* Preview Assets.xcassets in Resources */ = {isa = PBXBuildFile; fileRef = ABC5EFF22A0EC9AD00C5095D /* Preview Assets.xcassets */; };
		ABC5EFFA2A0ECDDF00C5095D /* ViewModel.swift in Sources */ = {isa = PBXBuildFile; fileRef = ABC5EFF92A0ECDDF00C5095D /* ViewModel.swift */; };
		ABC5EFFC2A0ED61100C5095D /* ScoreCalculatorView.swift in Sources */ = {isa = PBXBuildFile; fileRef = ABC5EFFB2A0ED61100C5095D /* ScoreCalculatorView.swift */; };
		ABC5EFFE2A0EE25600C5095D /* ContentView.swift in Sources */ = {isa = PBXBuildFile; fileRef = ABC5EFFD2A0EE25600C5095D /* ContentView.swift */; };
/* End PBXBuildFile section */

/* Begin PBXFileReference section */
		AB29C5B92A1287C200A182DC /* DifferentialCalculatorView.swift */ = {isa = PBXFileReference; lastKnownFileType = sourcecode.swift; path = DifferentialCalculatorView.swift; sourceTree = "<group>"; };
		AB29C5BC2A12975900A182DC /* CalculationCircleView.swift */ = {isa = PBXFileReference; lastKnownFileType = sourcecode.swift; path = CalculationCircleView.swift; sourceTree = "<group>"; };
		AB29C5BE2A129A1100A182DC /* ButtonView.swift */ = {isa = PBXFileReference; lastKnownFileType = sourcecode.swift; path = ButtonView.swift; sourceTree = "<group>"; };
		AB29C5C02A129BE900A182DC /* DataCellsView.swift */ = {isa = PBXFileReference; lastKnownFileType = sourcecode.swift; path = DataCellsView.swift; sourceTree = "<group>"; };
		ABC5EFE82A0EC9AC00C5095D /* GolfDifferentialCalculator.app */ = {isa = PBXFileReference; explicitFileType = wrapper.application; includeInIndex = 0; path = GolfDifferentialCalculator.app; sourceTree = BUILT_PRODUCTS_DIR; };
		ABC5EFEB2A0EC9AC00C5095D /* GolfDifferentialCalculatorApp.swift */ = {isa = PBXFileReference; lastKnownFileType = sourcecode.swift; path = GolfDifferentialCalculatorApp.swift; sourceTree = "<group>"; };
		ABC5EFED2A0EC9AC00C5095D /* DifferentialView.swift */ = {isa = PBXFileReference; lastKnownFileType = sourcecode.swift; path = DifferentialView.swift; sourceTree = "<group>"; };
		ABC5EFEF2A0EC9AD00C5095D /* Assets.xcassets */ = {isa = PBXFileReference; lastKnownFileType = folder.assetcatalog; path = Assets.xcassets; sourceTree = "<group>"; };
		ABC5EFF22A0EC9AD00C5095D /* Preview Assets.xcassets */ = {isa = PBXFileReference; lastKnownFileType = folder.assetcatalog; path = "Preview Assets.xcassets"; sourceTree = "<group>"; };
		ABC5EFF92A0ECDDF00C5095D /* ViewModel.swift */ = {isa = PBXFileReference; lastKnownFileType = sourcecode.swift; path = ViewModel.swift; sourceTree = "<group>"; };
		ABC5EFFB2A0ED61100C5095D /* ScoreCalculatorView.swift */ = {isa = PBXFileReference; lastKnownFileType = sourcecode.swift; path = ScoreCalculatorView.swift; sourceTree = "<group>"; };
		ABC5EFFD2A0EE25600C5095D /* ContentView.swift */ = {isa = PBXFileReference; lastKnownFileType = sourcecode.swift; path = ContentView.swift; sourceTree = "<group>"; };
/* End PBXFileReference section */

/* Begin PBXFrameworksBuildPhase section */
		ABC5EFE52A0EC9AC00C5095D /* Frameworks */ = {
			isa = PBXFrameworksBuildPhase;
			buildActionMask = 2147483647;
			files = (
			);
			runOnlyForDeploymentPostprocessing = 0;
		};
/* End PBXFrameworksBuildPhase section */

/* Begin PBXGroup section */
		AB29C5B72A119C4000A182DC /* View Model */ = {
			isa = PBXGroup;
			children = (
				ABC5EFF92A0ECDDF00C5095D /* ViewModel.swift */,
			);
			path = "View Model";
			sourceTree = "<group>";
		};
		AB29C5B82A12879D00A182DC /* Archive */ = {
			isa = PBXGroup;
			children = (
				ABC5EFED2A0EC9AC00C5095D /* DifferentialView.swift */,
			);
			path = Archive;
			sourceTree = "<group>";
		};
		AB29C5BB2A12973200A182DC /* Subviews */ = {
			isa = PBXGroup;
			children = (
				AB29C5BC2A12975900A182DC /* CalculationCircleView.swift */,
				AB29C5C02A129BE900A182DC /* DataCellsView.swift */,
				AB29C5BE2A129A1100A182DC /* ButtonView.swift */,
			);
			path = Subviews;
			sourceTree = "<group>";
		};
		ABC5EFDF2A0EC9AC00C5095D = {
			isa = PBXGroup;
			children = (
				ABC5EFEA2A0EC9AC00C5095D /* GolfDifferentialCalculator */,
				ABC5EFE92A0EC9AC00C5095D /* Products */,
			);
			sourceTree = "<group>";
		};
		ABC5EFE92A0EC9AC00C5095D /* Products */ = {
			isa = PBXGroup;
			children = (
				ABC5EFE82A0EC9AC00C5095D /* GolfDifferentialCalculator.app */,
			);
			name = Products;
			sourceTree = "<group>";
		};
		ABC5EFEA2A0EC9AC00C5095D /* GolfDifferentialCalculator */ = {
			isa = PBXGroup;
			children = (
				ABC5EFEB2A0EC9AC00C5095D /* GolfDifferentialCalculatorApp.swift */,
				ABC5EFFD2A0EE25600C5095D /* ContentView.swift */,
				ABC5EFFF2A0EE36200C5095D /* Views */,
				AB29C5BB2A12973200A182DC /* Subviews */,
				AB29C5B72A119C4000A182DC /* View Model */,
				ABC5EFEF2A0EC9AD00C5095D /* Assets.xcassets */,
				AB29C5B82A12879D00A182DC /* Archive */,
				ABC5EFF12A0EC9AD00C5095D /* Preview Content */,
			);
			path = GolfDifferentialCalculator;
			sourceTree = "<group>";
		};
		ABC5EFF12A0EC9AD00C5095D /* Preview Content */ = {
			isa = PBXGroup;
			children = (
				ABC5EFF22A0EC9AD00C5095D /* Preview Assets.xcassets */,
			);
			path = "Preview Content";
			sourceTree = "<group>";
		};
		ABC5EFFF2A0EE36200C5095D /* Views */ = {
			isa = PBXGroup;
			children = (
				ABC5EFFB2A0ED61100C5095D /* ScoreCalculatorView.swift */,
				AB29C5B92A1287C200A182DC /* DifferentialCalculatorView.swift */,
			);
			path = Views;
			sourceTree = "<group>";
		};
/* End PBXGroup section */

/* Begin PBXNativeTarget section */
		ABC5EFE72A0EC9AC00C5095D /* GolfDifferentialCalculator */ = {
			isa = PBXNativeTarget;
			buildConfigurationList = ABC5EFF62A0EC9AD00C5095D /* Build configuration list for PBXNativeTarget "GolfDifferentialCalculator" */;
			buildPhases = (
				ABC5EFE42A0EC9AC00C5095D /* Sources */,
				ABC5EFE52A0EC9AC00C5095D /* Frameworks */,
				ABC5EFE62A0EC9AC00C5095D /* Resources */,
			);
			buildRules = (
			);
			dependencies = (
			);
			name = GolfDifferentialCalculator;
			productName = GolfDifferentialCalculator;
			productReference = ABC5EFE82A0EC9AC00C5095D /* GolfDifferentialCalculator.app */;
			productType = "com.apple.product-type.application";
		};
/* End PBXNativeTarget section */

/* Begin PBXProject section */
		ABC5EFE02A0EC9AC00C5095D /* Project object */ = {
			isa = PBXProject;
			attributes = {
				BuildIndependentTargetsInParallel = 1;
				LastSwiftUpdateCheck = 1430;
				LastUpgradeCheck = 1430;
				TargetAttributes = {
					ABC5EFE72A0EC9AC00C5095D = {
						CreatedOnToolsVersion = 14.3;
					};
				};
			};
			buildConfigurationList = ABC5EFE32A0EC9AC00C5095D /* Build configuration list for PBXProject "GolfDifferentialCalculator" */;
			compatibilityVersion = "Xcode 14.0";
			developmentRegion = en;
			hasScannedForEncodings = 0;
			knownRegions = (
				en,
				Base,
			);
			mainGroup = ABC5EFDF2A0EC9AC00C5095D;
			productRefGroup = ABC5EFE92A0EC9AC00C5095D /* Products */;
			projectDirPath = "";
			projectRoot = "";
			targets = (
				ABC5EFE72A0EC9AC00C5095D /* GolfDifferentialCalculator */,
			);
		};
/* End PBXProject section */

/* Begin PBXResourcesBuildPhase section */
		ABC5EFE62A0EC9AC00C5095D /* Resources */ = {
			isa = PBXResourcesBuildPhase;
			buildActionMask = 2147483647;
			files = (
				ABC5EFF32A0EC9AD00C5095D /* Preview Assets.xcassets in Resources */,
				ABC5EFF02A0EC9AD00C5095D /* Assets.xcassets in Resources */,
			);
			runOnlyForDeploymentPostprocessing = 0;
		};
/* End PBXResourcesBuildPhase section */

/* Begin PBXSourcesBuildPhase section */
		ABC5EFE42A0EC9AC00C5095D /* Sources */ = {
			isa = PBXSourcesBuildPhase;
			buildActionMask = 2147483647;
			files = (
				AB29C5BA2A1287C200A182DC /* DifferentialCalculatorView.swift in Sources */,
				AB29C5BF2A129A1100A182DC /* ButtonView.swift in Sources */,
				ABC5EFEE2A0EC9AC00C5095D /* DifferentialView.swift in Sources */,
				AB29C5BD2A12975900A182DC /* CalculationCircleView.swift in Sources */,
				ABC5EFFE2A0EE25600C5095D /* ContentView.swift in Sources */,
				ABC5EFEC2A0EC9AC00C5095D /* GolfDifferentialCalculatorApp.swift in Sources */,
				ABC5EFFC2A0ED61100C5095D /* ScoreCalculatorView.swift in Sources */,
				ABC5EFFA2A0ECDDF00C5095D /* ViewModel.swift in Sources */,
				AB29C5C12A129BE900A182DC /* DataCellsView.swift in Sources */,
			);
			runOnlyForDeploymentPostprocessing = 0;
		};
/* End PBXSourcesBuildPhase section */

/* Begin XCBuildConfiguration section */
		ABC5EFF42A0EC9AD00C5095D /* Debug */ = {
			isa = XCBuildConfiguration;
			buildSettings = {
				ALWAYS_SEARCH_USER_PATHS = NO;
				CLANG_ANALYZER_NONNULL = YES;
				CLANG_ANALYZER_NUMBER_OBJECT_CONVERSION = YES_AGGRESSIVE;
				CLANG_CXX_LANGUAGE_STANDARD = "gnu++20";
				CLANG_ENABLE_MODULES = YES;
				CLANG_ENABLE_OBJC_ARC = YES;
				CLANG_ENABLE_OBJC_WEAK = YES;
				CLANG_WARN_BLOCK_CAPTURE_AUTORELEASING = YES;
				CLANG_WARN_BOOL_CONVERSION = YES;
				CLANG_WARN_COMMA = YES;
				CLANG_WARN_CONSTANT_CONVERSION = YES;
				CLANG_WARN_DEPRECATED_OBJC_IMPLEMENTATIONS = YES;
				CLANG_WARN_DIRECT_OBJC_ISA_USAGE = YES_ERROR;
				CLANG_WARN_DOCUMENTATION_COMMENTS = YES;
				CLANG_WARN_EMPTY_BODY = YES;
				CLANG_WARN_ENUM_CONVERSION = YES;
				CLANG_WARN_INFINITE_RECURSION = YES;
				CLANG_WARN_INT_CONVERSION = YES;
				CLANG_WARN_NON_LITERAL_NULL_CONVERSION = YES;
				CLANG_WARN_OBJC_IMPLICIT_RETAIN_SELF = YES;
				CLANG_WARN_OBJC_LITERAL_CONVERSION = YES;
				CLANG_WARN_OBJC_ROOT_CLASS = YES_ERROR;
				CLANG_WARN_QUOTED_INCLUDE_IN_FRAMEWORK_HEADER = YES;
				CLANG_WARN_RANGE_LOOP_ANALYSIS = YES;
				CLANG_WARN_STRICT_PROTOTYPES = YES;
				CLANG_WARN_SUSPICIOUS_MOVE = YES;
				CLANG_WARN_UNGUARDED_AVAILABILITY = YES_AGGRESSIVE;
				CLANG_WARN_UNREACHABLE_CODE = YES;
				CLANG_WARN__DUPLICATE_METHOD_MATCH = YES;
				COPY_PHASE_STRIP = NO;
				DEBUG_INFORMATION_FORMAT = dwarf;
				ENABLE_STRICT_OBJC_MSGSEND = YES;
				ENABLE_TESTABILITY = YES;
				GCC_C_LANGUAGE_STANDARD = gnu11;
				GCC_DYNAMIC_NO_PIC = NO;
				GCC_NO_COMMON_BLOCKS = YES;
				GCC_OPTIMIZATION_LEVEL = 0;
				GCC_PREPROCESSOR_DEFINITIONS = (
					"DEBUG=1",
					"$(inherited)",
				);
				GCC_WARN_64_TO_32_BIT_CONVERSION = YES;
				GCC_WARN_ABOUT_RETURN_TYPE = YES_ERROR;
				GCC_WARN_UNDECLARED_SELECTOR = YES;
				GCC_WARN_UNINITIALIZED_AUTOS = YES_AGGRESSIVE;
				GCC_WARN_UNUSED_FUNCTION = YES;
				GCC_WARN_UNUSED_VARIABLE = YES;
				IPHONEOS_DEPLOYMENT_TARGET = 16.4;
				MTL_ENABLE_DEBUG_INFO = INCLUDE_SOURCE;
				MTL_FAST_MATH = YES;
				ONLY_ACTIVE_ARCH = YES;
				SDKROOT = iphoneos;
				SWIFT_ACTIVE_COMPILATION_CONDITIONS = DEBUG;
				SWIFT_OPTIMIZATION_LEVEL = "-Onone";
			};
			name = Debug;
		};
		ABC5EFF52A0EC9AD00C5095D /* Release */ = {
			isa = XCBuildConfiguration;
			buildSettings = {
				ALWAYS_SEARCH_USER_PATHS = NO;
				CLANG_ANALYZER_NONNULL = YES;
				CLANG_ANALYZER_NUMBER_OBJECT_CONVERSION = YES_AGGRESSIVE;
				CLANG_CXX_LANGUAGE_STANDARD = "gnu++20";
				CLANG_ENABLE_MODULES = YES;
				CLANG_ENABLE_OBJC_ARC = YES;
				CLANG_ENABLE_OBJC_WEAK = YES;
				CLANG_WARN_BLOCK_CAPTURE_AUTORELEASING = YES;
				CLANG_WARN_BOOL_CONVERSION = YES;
				CLANG_WARN_COMMA = YES;
				CLANG_WARN_CONSTANT_CONVERSION = YES;
				CLANG_WARN_DEPRECATED_OBJC_IMPLEMENTATIONS = YES;
				CLANG_WARN_DIRECT_OBJC_ISA_USAGE = YES_ERROR;
				CLANG_WARN_DOCUMENTATION_COMMENTS = YES;
				CLANG_WARN_EMPTY_BODY = YES;
				CLANG_WARN_ENUM_CONVERSION = YES;
				CLANG_WARN_INFINITE_RECURSION = YES;
				CLANG_WARN_INT_CONVERSION = YES;
				CLANG_WARN_NON_LITERAL_NULL_CONVERSION = YES;
				CLANG_WARN_OBJC_IMPLICIT_RETAIN_SELF = YES;
				CLANG_WARN_OBJC_LITERAL_CONVERSION = YES;
				CLANG_WARN_OBJC_ROOT_CLASS = YES_ERROR;
				CLANG_WARN_QUOTED_INCLUDE_IN_FRAMEWORK_HEADER = YES;
				CLANG_WARN_RANGE_LOOP_ANALYSIS = YES;
				CLANG_WARN_STRICT_PROTOTYPES = YES;
				CLANG_WARN_SUSPICIOUS_MOVE = YES;
				CLANG_WARN_UNGUARDED_AVAILABILITY = YES_AGGRESSIVE;
				CLANG_WARN_UNREACHABLE_CODE = YES;
				CLANG_WARN__DUPLICATE_METHOD_MATCH = YES;
				COPY_PHASE_STRIP = NO;
				DEBUG_INFORMATION_FORMAT = "dwarf-with-dsym";
				ENABLE_NS_ASSERTIONS = NO;
				ENABLE_STRICT_OBJC_MSGSEND = YES;
				GCC_C_LANGUAGE_STANDARD = gnu11;
				GCC_NO_COMMON_BLOCKS = YES;
				GCC_WARN_64_TO_32_BIT_CONVERSION = YES;
				GCC_WARN_ABOUT_RETURN_TYPE = YES_ERROR;
				GCC_WARN_UNDECLARED_SELECTOR = YES;
				GCC_WARN_UNINITIALIZED_AUTOS = YES_AGGRESSIVE;
				GCC_WARN_UNUSED_FUNCTION = YES;
				GCC_WARN_UNUSED_VARIABLE = YES;
				IPHONEOS_DEPLOYMENT_TARGET = 16.4;
				MTL_ENABLE_DEBUG_INFO = NO;
				MTL_FAST_MATH = YES;
				SDKROOT = iphoneos;
				SWIFT_COMPILATION_MODE = wholemodule;
				SWIFT_OPTIMIZATION_LEVEL = "-O";
				VALIDATE_PRODUCT = YES;
			};
			name = Release;
		};
		ABC5EFF72A0EC9AD00C5095D /* Debug */ = {
			isa = XCBuildConfiguration;
			buildSettings = {
				ASSETCATALOG_COMPILER_APPICON_NAME = AppIcon;
				ASSETCATALOG_COMPILER_GLOBAL_ACCENT_COLOR_NAME = AccentColor;
				CODE_SIGN_STYLE = Automatic;
				CURRENT_PROJECT_VERSION = 1;
				DEVELOPMENT_ASSET_PATHS = "\"GolfDifferentialCalculator/Preview Content\"";
				DEVELOPMENT_TEAM = 6NW7CTZB43;
				ENABLE_PREVIEWS = YES;
				GENERATE_INFOPLIST_FILE = YES;
				INFOPLIST_KEY_UIApplicationSceneManifest_Generation = YES;
				INFOPLIST_KEY_UIApplicationSupportsIndirectInputEvents = YES;
				INFOPLIST_KEY_UILaunchScreen_Generation = YES;
				INFOPLIST_KEY_UISupportedInterfaceOrientations_iPad = "UIInterfaceOrientationPortrait UIInterfaceOrientationPortraitUpsideDown UIInterfaceOrientationLandscapeLeft UIInterfaceOrientationLandscapeRight";
				INFOPLIST_KEY_UISupportedInterfaceOrientations_iPhone = "UIInterfaceOrientationPortrait UIInterfaceOrientationLandscapeLeft UIInterfaceOrientationLandscapeRight";
				LD_RUNPATH_SEARCH_PATHS = (
					"$(inherited)",
					"@executable_path/Frameworks",
				);
				MARKETING_VERSION = 1.0;
				PRODUCT_BUNDLE_IDENTIFIER = com.bradychin.GolfDifferentialCalculator;
				PRODUCT_NAME = "$(TARGET_NAME)";
				SWIFT_EMIT_LOC_STRINGS = YES;
				SWIFT_VERSION = 5.0;
				TARGETED_DEVICE_FAMILY = "1,2";
			};
			name = Debug;
		};
		ABC5EFF82A0EC9AD00C5095D /* Release */ = {
			isa = XCBuildConfiguration;
			buildSettings = {
				ASSETCATALOG_COMPILER_APPICON_NAME = AppIcon;
				ASSETCATALOG_COMPILER_GLOBAL_ACCENT_COLOR_NAME = AccentColor;
				CODE_SIGN_STYLE = Automatic;
				CURRENT_PROJECT_VERSION = 1;
				DEVELOPMENT_ASSET_PATHS = "\"GolfDifferentialCalculator/Preview Content\"";
				DEVELOPMENT_TEAM = 6NW7CTZB43;
				ENABLE_PREVIEWS = YES;
				GENERATE_INFOPLIST_FILE = YES;
				INFOPLIST_KEY_UIApplicationSceneManifest_Generation = YES;
				INFOPLIST_KEY_UIApplicationSupportsIndirectInputEvents = YES;
				INFOPLIST_KEY_UILaunchScreen_Generation = YES;
				INFOPLIST_KEY_UISupportedInterfaceOrientations_iPad = "UIInterfaceOrientationPortrait UIInterfaceOrientationPortraitUpsideDown UIInterfaceOrientationLandscapeLeft UIInterfaceOrientationLandscapeRight";
				INFOPLIST_KEY_UISupportedInterfaceOrientations_iPhone = "UIInterfaceOrientationPortrait UIInterfaceOrientationLandscapeLeft UIInterfaceOrientationLandscapeRight";
				LD_RUNPATH_SEARCH_PATHS = (
					"$(inherited)",
					"@executable_path/Frameworks",
				);
				MARKETING_VERSION = 1.0;
				PRODUCT_BUNDLE_IDENTIFIER = com.bradychin.GolfDifferentialCalculator;
				PRODUCT_NAME = "$(TARGET_NAME)";
				SWIFT_EMIT_LOC_STRINGS = YES;
				SWIFT_VERSION = 5.0;
				TARGETED_DEVICE_FAMILY = "1,2";
			};
			name = Release;
		};
/* End XCBuildConfiguration section */

/* Begin XCConfigurationList section */
		ABC5EFE32A0EC9AC00C5095D /* Build configuration list for PBXProject "GolfDifferentialCalculator" */ = {
			isa = XCConfigurationList;
			buildConfigurations = (
				ABC5EFF42A0EC9AD00C5095D /* Debug */,
				ABC5EFF52A0EC9AD00C5095D /* Release */,
			);
			defaultConfigurationIsVisible = 0;
			defaultConfigurationName = Release;
		};
		ABC5EFF62A0EC9AD00C5095D /* Build configuration list for PBXNativeTarget "GolfDifferentialCalculator" */ = {
			isa = XCConfigurationList;
			buildConfigurations = (
				ABC5EFF72A0EC9AD00C5095D /* Debug */,
				ABC5EFF82A0EC9AD00C5095D /* Release */,
			);
			defaultConfigurationIsVisible = 0;
			defaultConfigurationName = Release;
		};
/* End XCConfigurationList section */
	};
	rootObject = ABC5EFE02A0EC9AC00C5095D /* Project object */;
}
